
Microsoft Visual Studio Solution File, Format Version 12.00
# Visual Studio Version 17
VisualStudioVersion = 17.2.32602.215
MinimumVisualStudioVersion = 10.0.40219.1
Project("{9A19103F-16F7-4668-BE54-9A1E7A4F7556}") = "CougarCodeGenerator", "CougarCodeGenerator\CougarCodeGenerator.csproj", "{E68AD21C-6E3D-456D-84FC-6FD9C23FBBA0}"
EndProject
Project("{9A19103F-16F7-4668-BE54-9A1E7A4F7556}") = "CougarCodeGenerator.Console", "CougarCodeGenerator.Console\CougarCodeGenerator.Console.csproj", "{87D5115A-0260-4515-8C28-F5939C16C88E}"
EndProject
Project("{9A19103F-16F7-4668-BE54-9A1E7A4F7556}") = "cougar-db-efcore", "cougar-db-efcore\cougar-db-efcore.csproj", "{0207DDC9-89DB-4B6F-A145-DF2C168ABF99}"
EndProject
Global
	GlobalSection(SolutionConfigurationPlatforms) = preSolution
		Debug|Any CPU = Debug|Any CPU
		Debug|x64 = Debug|x64
		Release|Any CPU = Release|Any CPU
		Release|x64 = Release|x64
	EndGlobalSection
	GlobalSection(ProjectConfigurationPlatforms) = postSolution
		{E68AD21C-6E3D-456D-84FC-6FD9C23FBBA0}.Debug|Any CPU.ActiveCfg = Debug|Any CPU
		{E68AD21C-6E3D-456D-84FC-6FD9C23FBBA0}.Debug|Any CPU.Build.0 = Debug|Any CPU
		{E68AD21C-6E3D-456D-84FC-6FD9C23FBBA0}.Debug|x64.ActiveCfg = Debug|Any CPU
		{E68AD21C-6E3D-456D-84FC-6FD9C23FBBA0}.Debug|x64.Build.0 = Debug|Any CPU
		{E68AD21C-6E3D-456D-84FC-6FD9C23FBBA0}.Release|Any CPU.ActiveCfg = Release|Any CPU
		{E68AD21C-6E3D-456D-84FC-6FD9C23FBBA0}.Release|Any CPU.Build.0 = Release|Any CPU
		{E68AD21C-6E3D-456D-84FC-6FD9C23FBBA0}.Release|x64.ActiveCfg = Release|Any CPU
		{E68AD21C-6E3D-456D-84FC-6FD9C23FBBA0}.Release|x64.Build.0 = Release|Any CPU
		{87D5115A-0260-4515-8C28-F5939C16C88E}.Debug|Any CPU.ActiveCfg = Debug|Any CPU
		{87D5115A-0260-4515-8C28-F5939C16C88E}.Debug|Any CPU.Build.0 = Debug|Any CPU
		{87D5115A-0260-4515-8C28-F5939C16C88E}.Debug|x64.ActiveCfg = Debug|Any CPU
		{87D5115A-0260-4515-8C28-F5939C16C88E}.Debug|x64.Build.0 = Debug|Any CPU
		{87D5115A-0260-4515-8C28-F5939C16C88E}.Release|Any CPU.ActiveCfg = Release|Any CPU
		{87D5115A-0260-4515-8C28-F5939C16C88E}.Release|Any CPU.Build.0 = Release|Any CPU
		{87D5115A-0260-4515-8C28-F5939C16C88E}.Release|x64.ActiveCfg = Release|Any CPU
		{87D5115A-0260-4515-8C28-F5939C16C88E}.Release|x64.Build.0 = Release|Any CPU
		{0207DDC9-89DB-4B6F-A145-DF2C168ABF99}.Debug|Any CPU.ActiveCfg = Debug|Any CPU
		{0207DDC9-89DB-4B6F-A145-DF2C168ABF99}.Debug|Any CPU.Build.0 = Debug|Any CPU
		{0207DDC9-89DB-4B6F-A145-DF2C168ABF99}.Debug|x64.ActiveCfg = Debug|x64
		{0207DDC9-89DB-4B6F-A145-DF2C168ABF99}.Debug|x64.Build.0 = Debug|x64
		{0207DDC9-89DB-4B6F-A145-DF2C168ABF99}.Release|Any CPU.ActiveCfg = Release|Any CPU
		{0207DDC9-89DB-4B6F-A145-DF2C168ABF99}.Release|Any CPU.Build.0 = Release|Any CPU
		{0207DDC9-89DB-4B6F-A145-DF2C168ABF99}.Release|x64.ActiveCfg = Release|x64
		{0207DDC9-89DB-4B6F-A145-DF2C168ABF99}.Release|x64.Build.0 = Release|x64
	EndGlobalSection
	GlobalSection(SolutionProperties) = preSolution
		HideSolutionNode = FALSE
	EndGlobalSection
	GlobalSection(ExtensibilityGlobals) = postSolution
		SolutionGuid = {8BECF354-E45E-4B67-B90A-494089F7277D}
	EndGlobalSection
EndGlobal
